{
  "name": "diploma",
  "version": "1.0.0",
  "lockfileVersion": 1,
  "requires": true,
  "dependencies": {
    "bourbon": {
      "version": "5.1.0",
      "resolved": "https://registry.npmjs.org/bourbon/-/bourbon-5.1.0.tgz",
      "integrity": "sha512-rO4rwNAVNuzPmnL+DruxAe7DR2YFFo4nHsgDVRd9URMgDxtHmVBUnvFLXPan6teVe7jkybCyxcnR+CKClotj3g==",
      "dev": true
    },
    "hamburgers": {
      "version": "0.9.3",
      "resolved": "https://registry.npmjs.org/hamburgers/-/hamburgers-0.9.3.tgz",
      "integrity": "sha512-7pC2GkvKcBtfUalg2Vfm2z3wOCUFI7ZHgqThUg6kHZ7ZcLelSzGhboB9UjlleRCBEUjAVCpcrdGdN7PcaJBQKQ==",
      "dev": true
    },
    "jeet": {
      "version": "7.2.0",
      "resolved": "https://registry.npmjs.org/jeet/-/jeet-7.2.0.tgz",
      "integrity": "sha512-TcUBVeb/PlBmiZRgqx/rHewXkyhnBzRANjPi99frE7FQcbXvnzH74IelKhdPlP94eBh/rI0T67B04yGaldWzTw==",
      "dev": true
    },
    "jquery": {
      "version": "3.4.0",
      "resolved": "https://registry.npmjs.org/jquery/-/jquery-3.4.0.tgz",
      "integrity": "sha512-ggRCXln9zEqv6OqAGXFEcshF5dSBvCkzj6Gm2gzuR5fWawaX8t7cxKVkkygKODrDAzKdoYw3l/e3pm3vlT4IbQ=="
    },
    "normalize-scss": {
      "version": "7.0.1",
      "resolved": "https://registry.npmjs.org/normalize-scss/-/normalize-scss-7.0.1.tgz",
      "integrity": "sha512-qj16bWnYs+9/ac29IgGjySg4R5qQTp1lXfm7ApFOZNVBYFY8RZ3f8+XQNDDLHeDtI3Ba7Jj4+LuPgz9v/fne2A==",
      "dev": true
    },
    "normalize.scss": {
      "version": "0.1.0",
      "resolved": "https://registry.npmjs.org/normalize.scss/-/normalize.scss-0.1.0.tgz",
      "integrity": "sha1-SiHcJb1MAZyFd4X4KbZYq6Ko+as=",
      "dev": true
    }
  }
}
